
Microsoft Visual Studio Solution File, Format Version 12.00
# Visual Studio 2013
VisualStudioVersion = 12.0.31101.0
MinimumVisualStudioVersion = 10.0.40219.1
Project("{FAE04EC0-301F-11D3-BF4B-00C04F79EFBC}") = "Clinica", "Clinica.csproj", "{410DC6B0-D1F1-41B7-BE9B-D6ABE2908CE2}"
EndProject
Project("{FAE04EC0-301F-11D3-BF4B-00C04F79EFBC}") = "Datos", "..\Datos\Datos.csproj", "{56F65868-A808-4293-B032-06800537855F}"
EndProject
Project("{FAE04EC0-301F-11D3-BF4B-00C04F79EFBC}") = "Logica", "Logica\Logica.csproj", "{89434692-D57C-43CA-B824-EE87430938ED}"
EndProject
Project("{FAE04EC0-301F-11D3-BF4B-00C04F79EFBC}") = "Personas", "..\Personas\Personas.csproj", "{F219D084-803E-4A3C-B9D4-6DA8179B9338}"
EndProject
Global
	GlobalSection(SolutionConfigurationPlatforms) = preSolution
		Debug|Any CPU = Debug|Any CPU
		Release|Any CPU = Release|Any CPU
	EndGlobalSection
	GlobalSection(ProjectConfigurationPlatforms) = postSolution
		{410DC6B0-D1F1-41B7-BE9B-D6ABE2908CE2}.Debug|Any CPU.ActiveCfg = Debug|Any CPU
		{410DC6B0-D1F1-41B7-BE9B-D6ABE2908CE2}.Debug|Any CPU.Build.0 = Debug|Any CPU
		{410DC6B0-D1F1-41B7-BE9B-D6ABE2908CE2}.Release|Any CPU.ActiveCfg = Release|Any CPU
		{410DC6B0-D1F1-41B7-BE9B-D6ABE2908CE2}.Release|Any CPU.Build.0 = Release|Any CPU
		{56F65868-A808-4293-B032-06800537855F}.Debug|Any CPU.ActiveCfg = Debug|Any CPU
		{56F65868-A808-4293-B032-06800537855F}.Debug|Any CPU.Build.0 = Debug|Any CPU
		{56F65868-A808-4293-B032-06800537855F}.Release|Any CPU.ActiveCfg = Release|Any CPU
		{56F65868-A808-4293-B032-06800537855F}.Release|Any CPU.Build.0 = Release|Any CPU
		{89434692-D57C-43CA-B824-EE87430938ED}.Debug|Any CPU.ActiveCfg = Debug|Any CPU
		{89434692-D57C-43CA-B824-EE87430938ED}.Debug|Any CPU.Build.0 = Debug|Any CPU
		{89434692-D57C-43CA-B824-EE87430938ED}.Release|Any CPU.ActiveCfg = Release|Any CPU
		{89434692-D57C-43CA-B824-EE87430938ED}.Release|Any CPU.Build.0 = Release|Any CPU
		{F219D084-803E-4A3C-B9D4-6DA8179B9338}.Debug|Any CPU.ActiveCfg = Debug|Any CPU
		{F219D084-803E-4A3C-B9D4-6DA8179B9338}.Debug|Any CPU.Build.0 = Debug|Any CPU
		{F219D084-803E-4A3C-B9D4-6DA8179B9338}.Release|Any CPU.ActiveCfg = Release|Any CPU
		{F219D084-803E-4A3C-B9D4-6DA8179B9338}.Release|Any CPU.Build.0 = Release|Any CPU
	EndGlobalSection
	GlobalSection(SolutionProperties) = preSolution
		HideSolutionNode = FALSE
	EndGlobalSection
EndGlobal
